// !$*UTF8*$!
{
	archiveVersion = 1;
	classes = {
	};
	objectVersion = 48;
	objects = {

/* Begin PBXBuildFile section */
		2810DB491FB975F1008D69D9 /* ARVideoKit.framework in Frameworks */ = {isa = PBXBuildFile; fileRef = 2810DB421FB97218008D69D9 /* ARVideoKit.framework */; };
		2810DB4A1FB975F1008D69D9 /* ARVideoKit.framework in Embed Frameworks */ = {isa = PBXBuildFile; fileRef = 2810DB421FB97218008D69D9 /* ARVideoKit.framework */; settings = {ATTRIBUTES = (CodeSignOnCopy, RemoveHeadersOnCopy, ); }; };
		2810DB4D1FB97787008D69D9 /* RecordARWrapper.swift in Sources */ = {isa = PBXBuildFile; fileRef = 2810DB4C1FB97787008D69D9 /* RecordARWrapper.swift */; };
		283BE6641FB93A2B00E40D14 /* AppDelegate.m in Sources */ = {isa = PBXBuildFile; fileRef = 283BE6631FB93A2B00E40D14 /* AppDelegate.m */; };
		283BE6661FB93A2B00E40D14 /* art.scnassets in Resources */ = {isa = PBXBuildFile; fileRef = 283BE6651FB93A2B00E40D14 /* art.scnassets */; };
		283BE66E1FB93A2B00E40D14 /* Assets.xcassets in Resources */ = {isa = PBXBuildFile; fileRef = 283BE66D1FB93A2B00E40D14 /* Assets.xcassets */; };
		283BE6741FB93A2B00E40D14 /* main.m in Sources */ = {isa = PBXBuildFile; fileRef = 283BE6731FB93A2B00E40D14 /* main.m */; };
		283BE67D1FB93DD400E40D14 /* MainVC.m in Sources */ = {isa = PBXBuildFile; fileRef = 283BE67C1FB93DD400E40D14 /* MainVC.m */; };
		283BE6851FB9411C00E40D14 /* BaseVC.m in Sources */ = {isa = PBXBuildFile; fileRef = 283BE6841FB9411C00E40D14 /* BaseVC.m */; };
		283BE68A1FB9439100E40D14 /* UIView+RelativeLayout.m in Sources */ = {isa = PBXBuildFile; fileRef = 283BE6891FB9439100E40D14 /* UIView+RelativeLayout.m */; };
		283BE68F1FB94D7E00E40D14 /* UIFont+Extension.m in Sources */ = {isa = PBXBuildFile; fileRef = 283BE68E1FB94D7E00E40D14 /* UIFont+Extension.m */; };
/* End PBXBuildFile section */

/* Begin PBXCopyFilesBuildPhase section */
		2810DB4B1FB975F1008D69D9 /* Embed Frameworks */ = {
			isa = PBXCopyFilesBuildPhase;
			buildActionMask = 2147483647;
			dstPath = "";
			dstSubfolderSpec = 10;
			files = (
				2810DB4A1FB975F1008D69D9 /* ARVideoKit.framework in Embed Frameworks */,
			);
			name = "Embed Frameworks";
			runOnlyForDeploymentPostprocessing = 0;
		};
/* End PBXCopyFilesBuildPhase section */

/* Begin PBXFileReference section */
		2810DB421FB97218008D69D9 /* ARVideoKit.framework */ = {isa = PBXFileReference; lastKnownFileType = wrapper.framework; path = ARVideoKit.framework; sourceTree = "<group>"; };
		2810DB441FB972C8008D69D9 /* MyARKit-Bridging-Header.h */ = {isa = PBXFileReference; lastKnownFileType = sourcecode.c.h; path = "MyARKit-Bridging-Header.h"; sourceTree = "<group>"; };
		2810DB4C1FB97787008D69D9 /* RecordARWrapper.swift */ = {isa = PBXFileReference; lastKnownFileType = sourcecode.swift; path = RecordARWrapper.swift; sourceTree = "<group>"; };
		2810DB4E1FB99DAE008D69D9 /* CommonDef.h */ = {isa = PBXFileReference; lastKnownFileType = sourcecode.c.h; path = CommonDef.h; sourceTree = "<group>"; };
		283BE65F1FB93A2B00E40D14 /* MyARKit.app */ = {isa = PBXFileReference; explicitFileType = wrapper.application; includeInIndex = 0; path = MyARKit.app; sourceTree = BUILT_PRODUCTS_DIR; };
		283BE6621FB93A2B00E40D14 /* AppDelegate.h */ = {isa = PBXFileReference; lastKnownFileType = sourcecode.c.h; path = AppDelegate.h; sourceTree = "<group>"; };
		283BE6631FB93A2B00E40D14 /* AppDelegate.m */ = {isa = PBXFileReference; lastKnownFileType = sourcecode.c.objc; path = AppDelegate.m; sourceTree = "<group>"; };
		283BE6651FB93A2B00E40D14 /* art.scnassets */ = {isa = PBXFileReference; lastKnownFileType = wrapper.scnassets; path = art.scnassets; sourceTree = "<group>"; };
		283BE66D1FB93A2B00E40D14 /* Assets.xcassets */ = {isa = PBXFileReference; lastKnownFileType = folder.assetcatalog; path = Assets.xcassets; sourceTree = "<group>"; };
		283BE6721FB93A2B00E40D14 /* Info.plist */ = {isa = PBXFileReference; lastKnownFileType = text.plist.xml; path = Info.plist; sourceTree = "<group>"; };
		283BE6731FB93A2B00E40D14 /* main.m */ = {isa = PBXFileReference; lastKnownFileType = sourcecode.c.objc; path = main.m; sourceTree = "<group>"; };
		283BE67B1FB93DD400E40D14 /* MainVC.h */ = {isa = PBXFileReference; lastKnownFileType = sourcecode.c.h; path = MainVC.h; sourceTree = "<group>"; };
		283BE67C1FB93DD400E40D14 /* MainVC.m */ = {isa = PBXFileReference; lastKnownFileType = sourcecode.c.objc; path = MainVC.m; sourceTree = "<group>"; };
		283BE6811FB93E3200E40D14 /* MyARKit.pch */ = {isa = PBXFileReference; lastKnownFileType = sourcecode.c.h; path = MyARKit.pch; sourceTree = "<group>"; };
		283BE6831FB9411C00E40D14 /* BaseVC.h */ = {isa = PBXFileReference; lastKnownFileType = sourcecode.c.h; path = BaseVC.h; sourceTree = "<group>"; };
		283BE6841FB9411C00E40D14 /* BaseVC.m */ = {isa = PBXFileReference; lastKnownFileType = sourcecode.c.objc; path = BaseVC.m; sourceTree = "<group>"; };
		283BE6881FB9439100E40D14 /* UIView+RelativeLayout.h */ = {isa = PBXFileReference; fileEncoding = 4; lastKnownFileType = sourcecode.c.h; path = "UIView+RelativeLayout.h"; sourceTree = "<group>"; };
		283BE6891FB9439100E40D14 /* UIView+RelativeLayout.m */ = {isa = PBXFileReference; fileEncoding = 4; lastKnownFileType = sourcecode.c.objc; path = "UIView+RelativeLayout.m"; sourceTree = "<group>"; };
		283BE68C1FB94D6600E40D14 /* Lanting_GBK.ttf */ = {isa = PBXFileReference; lastKnownFileType = file; path = Lanting_GBK.ttf; sourceTree = "<group>"; };
		283BE68D1FB94D7E00E40D14 /* UIFont+Extension.h */ = {isa = PBXFileReference; fileEncoding = 4; lastKnownFileType = sourcecode.c.h; path = "UIFont+Extension.h"; sourceTree = "<group>"; };
		283BE68E1FB94D7E00E40D14 /* UIFont+Extension.m */ = {isa = PBXFileReference; fileEncoding = 4; lastKnownFileType = sourcecode.c.objc; path = "UIFont+Extension.m"; sourceTree = "<group>"; };
/* End PBXFileReference section */

/* Begin PBXFrameworksBuildPhase section */
		283BE65C1FB93A2B00E40D14 /* Frameworks */ = {
			isa = PBXFrameworksBuildPhase;
			buildActionMask = 2147483647;
			files = (
				2810DB491FB975F1008D69D9 /* ARVideoKit.framework in Frameworks */,
			);
			runOnlyForDeploymentPostprocessing = 0;
		};
/* End PBXFrameworksBuildPhase section */

/* Begin PBXGroup section */
		2810DB401FB971F4008D69D9 /* 3rdPart */ = {
			isa = PBXGroup;
			children = (
				2810DB411FB97207008D69D9 /* ARRecord */,
			);
			path = 3rdPart;
			sourceTree = "<group>";
		};
		2810DB411FB97207008D69D9 /* ARRecord */ = {
			isa = PBXGroup;
			children = (
				2810DB4C1FB97787008D69D9 /* RecordARWrapper.swift */,
				2810DB421FB97218008D69D9 /* ARVideoKit.framework */,
			);
			path = ARRecord;
			sourceTree = "<group>";
		};
		283BE6561FB93A2B00E40D14 = {
			isa = PBXGroup;
			children = (
				283BE6611FB93A2B00E40D14 /* MyARKit */,
				283BE6601FB93A2B00E40D14 /* Products */,
			);
			sourceTree = "<group>";
		};
		283BE6601FB93A2B00E40D14 /* Products */ = {
			isa = PBXGroup;
			children = (
				283BE65F1FB93A2B00E40D14 /* MyARKit.app */,
			);
			name = Products;
			sourceTree = "<group>";
		};
		283BE6611FB93A2B00E40D14 /* MyARKit */ = {
			isa = PBXGroup;
			children = (
				283BE67A1FB93DAF00E40D14 /* Main */,
				283BE6861FB942E400E40D14 /* Common */,
				283BE6821FB940FF00E40D14 /* AppRoot */,
				283BE6621FB93A2B00E40D14 /* AppDelegate.h */,
				283BE6631FB93A2B00E40D14 /* AppDelegate.m */,
				283BE6651FB93A2B00E40D14 /* art.scnassets */,
				283BE66D1FB93A2B00E40D14 /* Assets.xcassets */,
				283BE6721FB93A2B00E40D14 /* Info.plist */,
				283BE6731FB93A2B00E40D14 /* main.m */,
				283BE6811FB93E3200E40D14 /* MyARKit.pch */,
				283BE68B1FB94D4000E40D14 /* supportFiles */,
			);
			path = MyARKit;
			sourceTree = "<group>";
		};
		283BE67A1FB93DAF00E40D14 /* Main */ = {
			isa = PBXGroup;
			children = (
				283BE6801FB93DEF00E40D14 /* VO */,
				283BE67F1FB93DE200E40D14 /* View */,
				283BE67E1FB93DDC00E40D14 /* VC */,
			);
			path = Main;
			sourceTree = "<group>";
		};
		283BE67E1FB93DDC00E40D14 /* VC */ = {
			isa = PBXGroup;
			children = (
				283BE67B1FB93DD400E40D14 /* MainVC.h */,
				283BE67C1FB93DD400E40D14 /* MainVC.m */,
			);
			path = VC;
			sourceTree = "<group>";
		};
		283BE67F1FB93DE200E40D14 /* View */ = {
			isa = PBXGroup;
			children = (
			);
			path = View;
			sourceTree = "<group>";
		};
		283BE6801FB93DEF00E40D14 /* VO */ = {
			isa = PBXGroup;
			children = (
			);
			path = VO;
			sourceTree = "<group>";
		};
		283BE6821FB940FF00E40D14 /* AppRoot */ = {
			isa = PBXGroup;
			children = (
				283BE6831FB9411C00E40D14 /* BaseVC.h */,
				283BE6841FB9411C00E40D14 /* BaseVC.m */,
			);
			path = AppRoot;
			sourceTree = "<group>";
		};
		283BE6861FB942E400E40D14 /* Common */ = {
			isa = PBXGroup;
			children = (
				2810DB401FB971F4008D69D9 /* 3rdPart */,
				283BE6871FB942EC00E40D14 /* Extension */,
				2810DB4E1FB99DAE008D69D9 /* CommonDef.h */,
			);
			path = Common;
			sourceTree = "<group>";
		};
		283BE6871FB942EC00E40D14 /* Extension */ = {
			isa = PBXGroup;
			children = (
				283BE6881FB9439100E40D14 /* UIView+RelativeLayout.h */,
				283BE6891FB9439100E40D14 /* UIView+RelativeLayout.m */,
				283BE68D1FB94D7E00E40D14 /* UIFont+Extension.h */,
				283BE68E1FB94D7E00E40D14 /* UIFont+Extension.m */,
			);
			path = Extension;
			sourceTree = "<group>";
		};
		283BE68B1FB94D4000E40D14 /* supportFiles */ = {
			isa = PBXGroup;
			children = (
				2810DB441FB972C8008D69D9 /* MyARKit-Bridging-Header.h */,
				283BE68C1FB94D6600E40D14 /* Lanting_GBK.ttf */,
			);
			path = supportFiles;
			sourceTree = "<group>";
		};
/* End PBXGroup section */

/* Begin PBXNativeTarget section */
		283BE65E1FB93A2B00E40D14 /* MyARKit */ = {
			isa = PBXNativeTarget;
			buildConfigurationList = 283BE6771FB93A2B00E40D14 /* Build configuration list for PBXNativeTarget "MyARKit" */;
			buildPhases = (
				283BE65B1FB93A2B00E40D14 /* Sources */,
				283BE65C1FB93A2B00E40D14 /* Frameworks */,
				283BE65D1FB93A2B00E40D14 /* Resources */,
				2810DB4B1FB975F1008D69D9 /* Embed Frameworks */,
			);
			buildRules = (
			);
			dependencies = (
			);
			name = MyARKit;
			productName = MyARKit;
			productReference = 283BE65F1FB93A2B00E40D14 /* MyARKit.app */;
			productType = "com.apple.product-type.application";
		};
/* End PBXNativeTarget section */

/* Begin PBXProject section */
		283BE6571FB93A2B00E40D14 /* Project object */ = {
			isa = PBXProject;
			attributes = {
				LastUpgradeCheck = 0910;
				ORGANIZATIONNAME = tuotiansudai;
				TargetAttributes = {
					283BE65E1FB93A2B00E40D14 = {
						CreatedOnToolsVersion = 9.1;
						LastSwiftMigration = 0910;
						ProvisioningStyle = Automatic;
					};
				};
			};
			buildConfigurationList = 283BE65A1FB93A2B00E40D14 /* Build configuration list for PBXProject "MyARKit" */;
			compatibilityVersion = "Xcode 8.0";
			developmentRegion = en;
			hasScannedForEncodings = 0;
			knownRegions = (
				en,
				Base,
			);
			mainGroup = 283BE6561FB93A2B00E40D14;
			productRefGroup = 283BE6601FB93A2B00E40D14 /* Products */;
			projectDirPath = "";
			projectRoot = "";
			targets = (
				283BE65E1FB93A2B00E40D14 /* MyARKit */,
			);
		};
/* End PBXProject section */

/* Begin PBXResourcesBuildPhase section */
		283BE65D1FB93A2B00E40D14 /* Resources */ = {
			isa = PBXResourcesBuildPhase;
			buildActionMask = 2147483647;
			files = (
				283BE6661FB93A2B00E40D14 /* art.scnassets in Resources */,
				283BE66E1FB93A2B00E40D14 /* Assets.xcassets in Resources */,
			);
			runOnlyForDeploymentPostprocessing = 0;
		};
/* End PBXResourcesBuildPhase section */

/* Begin PBXSourcesBuildPhase section */
		283BE65B1FB93A2B00E40D14 /* Sources */ = {
			isa = PBXSourcesBuildPhase;
			buildActionMask = 2147483647;
			files = (
				283BE67D1FB93DD400E40D14 /* MainVC.m in Sources */,
				283BE6741FB93A2B00E40D14 /* main.m in Sources */,
				2810DB4D1FB97787008D69D9 /* RecordARWrapper.swift in Sources */,
				283BE68F1FB94D7E00E40D14 /* UIFont+Extension.m in Sources */,
				283BE68A1FB9439100E40D14 /* UIView+RelativeLayout.m in Sources */,
				283BE6641FB93A2B00E40D14 /* AppDelegate.m in Sources */,
				283BE6851FB9411C00E40D14 /* BaseVC.m in Sources */,
			);
			runOnlyForDeploymentPostprocessing = 0;
		};
/* End PBXSourcesBuildPhase section */

/* Begin XCBuildConfiguration section */
		283BE6751FB93A2B00E40D14 /* Debug */ = {
			isa = XCBuildConfiguration;
			buildSettings = {
				ALWAYS_SEARCH_USER_PATHS = NO;
				CLANG_ANALYZER_NONNULL = YES;
				CLANG_ANALYZER_NUMBER_OBJECT_CONVERSION = YES_AGGRESSIVE;
				CLANG_CXX_LANGUAGE_STANDARD = "gnu++14";
				CLANG_CXX_LIBRARY = "libc++";
				CLANG_ENABLE_MODULES = YES;
				CLANG_ENABLE_OBJC_ARC = YES;
				CLANG_WARN_BLOCK_CAPTURE_AUTORELEASING = YES;
				CLANG_WARN_BOOL_CONVERSION = YES;
				CLANG_WARN_COMMA = YES;
				CLANG_WARN_CONSTANT_CONVERSION = YES;
				CLANG_WARN_DIRECT_OBJC_ISA_USAGE = YES_ERROR;
				CLANG_WARN_DOCUMENTATION_COMMENTS = YES;
				CLANG_WARN_EMPTY_BODY = YES;
				CLANG_WARN_ENUM_CONVERSION = YES;
				CLANG_WARN_INFINITE_RECURSION = YES;
				CLANG_WARN_INT_CONVERSION = YES;
				CLANG_WARN_NON_LITERAL_NULL_CONVERSION = YES;
				CLANG_WARN_OBJC_LITERAL_CONVERSION = YES;
				CLANG_WARN_OBJC_ROOT_CLASS = YES_ERROR;
				CLANG_WARN_RANGE_LOOP_ANALYSIS = YES;
				CLANG_WARN_STRICT_PROTOTYPES = YES;
				CLANG_WARN_SUSPICIOUS_MOVE = YES;
				CLANG_WARN_UNGUARDED_AVAILABILITY = YES_AGGRESSIVE;
				CLANG_WARN_UNREACHABLE_CODE = YES;
				CLANG_WARN__DUPLICATE_METHOD_MATCH = YES;
				CODE_SIGN_IDENTITY = "iPhone Developer";
				COPY_PHASE_STRIP = NO;
				DEBUG_INFORMATION_FORMAT = dwarf;
				ENABLE_STRICT_OBJC_MSGSEND = YES;
				ENABLE_TESTABILITY = YES;
				GCC_C_LANGUAGE_STANDARD = gnu11;
				GCC_DYNAMIC_NO_PIC = NO;
				GCC_NO_COMMON_BLOCKS = YES;
				GCC_OPTIMIZATION_LEVEL = 0;
				GCC_PREPROCESSOR_DEFINITIONS = (
					"DEBUG=1",
					"$(inherited)",
				);
				GCC_WARN_64_TO_32_BIT_CONVERSION = YES;
				GCC_WARN_ABOUT_RETURN_TYPE = YES_ERROR;
				GCC_WARN_UNDECLARED_SELECTOR = YES;
				GCC_WARN_UNINITIALIZED_AUTOS = YES_AGGRESSIVE;
				GCC_WARN_UNUSED_FUNCTION = YES;
				GCC_WARN_UNUSED_VARIABLE = YES;
				IPHONEOS_DEPLOYMENT_TARGET = 11.1;
				MTL_ENABLE_DEBUG_INFO = YES;
				ONLY_ACTIVE_ARCH = YES;
				SDKROOT = iphoneos;
			};
			name = Debug;
		};
		283BE6761FB93A2B00E40D14 /* Release */ = {
			isa = XCBuildConfiguration;
			buildSettings = {
				ALWAYS_SEARCH_USER_PATHS = NO;
				CLANG_ANALYZER_NONNULL = YES;
				CLANG_ANALYZER_NUMBER_OBJECT_CONVERSION = YES_AGGRESSIVE;
				CLANG_CXX_LANGUAGE_STANDARD = "gnu++14";
				CLANG_CXX_LIBRARY = "libc++";
				CLANG_ENABLE_MODULES = YES;
				CLANG_ENABLE_OBJC_ARC = YES;
				CLANG_WARN_BLOCK_CAPTURE_AUTORELEASING = YES;
				CLANG_WARN_BOOL_CONVERSION = YES;
				CLANG_WARN_COMMA = YES;
				CLANG_WARN_CONSTANT_CONVERSION = YES;
				CLANG_WARN_DIRECT_OBJC_ISA_USAGE = YES_ERROR;
				CLANG_WARN_DOCUMENTATION_COMMENTS = YES;
				CLANG_WARN_EMPTY_BODY = YES;
				CLANG_WARN_ENUM_CONVERSION = YES;
				CLANG_WARN_INFINITE_RECURSION = YES;
				CLANG_WARN_INT_CONVERSION = YES;
				CLANG_WARN_NON_LITERAL_NULL_CONVERSION = YES;
				CLANG_WARN_OBJC_LITERAL_CONVERSION = YES;
				CLANG_WARN_OBJC_ROOT_CLASS = YES_ERROR;
				CLANG_WARN_RANGE_LOOP_ANALYSIS = YES;
				CLANG_WARN_STRICT_PROTOTYPES = YES;
				CLANG_WARN_SUSPICIOUS_MOVE = YES;
				CLANG_WARN_UNGUARDED_AVAILABILITY = YES_AGGRESSIVE;
				CLANG_WARN_UNREACHABLE_CODE = YES;
				CLANG_WARN__DUPLICATE_METHOD_MATCH = YES;
				CODE_SIGN_IDENTITY = "iPhone Developer";
				COPY_PHASE_STRIP = NO;
				DEBUG_INFORMATION_FORMAT = "dwarf-with-dsym";
				ENABLE_NS_ASSERTIONS = NO;
				ENABLE_STRICT_OBJC_MSGSEND = YES;
				GCC_C_LANGUAGE_STANDARD = gnu11;
				GCC_NO_COMMON_BLOCKS = YES;
				GCC_WARN_64_TO_32_BIT_CONVERSION = YES;
				GCC_WARN_ABOUT_RETURN_TYPE = YES_ERROR;
				GCC_WARN_UNDECLARED_SELECTOR = YES;
				GCC_WARN_UNINITIALIZED_AUTOS = YES_AGGRESSIVE;
				GCC_WARN_UNUSED_FUNCTION = YES;
				GCC_WARN_UNUSED_VARIABLE = YES;
				IPHONEOS_DEPLOYMENT_TARGET = 11.1;
				MTL_ENABLE_DEBUG_INFO = NO;
				SDKROOT = iphoneos;
				VALIDATE_PRODUCT = YES;
			};
			name = Release;
		};
		283BE6781FB93A2B00E40D14 /* Debug */ = {
			isa = XCBuildConfiguration;
			buildSettings = {
				ASSETCATALOG_COMPILER_APPICON_NAME = AppIcon;
				ASSETCATALOG_COMPILER_LAUNCHIMAGE_NAME = LaunchImage;
				CLANG_ENABLE_MODULES = YES;
				CODE_SIGN_STYLE = Automatic;
				DEFINES_MODULE = YES;
				DEVELOPMENT_TEAM = 38347LA2XG;
				EMBED_ASSET_PACKS_IN_PRODUCT_BUNDLE = YES;
				FRAMEWORK_SEARCH_PATHS = (
					"$(inherited)",
					"$(PROJECT_DIR)/MyARKit/Common/3rdPart/ARRecord",
				);
				GCC_INCREASE_PRECOMPILED_HEADER_SHARING = NO;
				GCC_PRECOMPILE_PREFIX_HEADER = YES;
				GCC_PREFIX_HEADER = ./MyARKit/MyARKit.pch;
				INFOPLIST_FILE = MyARKit/Info.plist;
				IPHONEOS_DEPLOYMENT_TARGET = 11.0;
				LD_RUNPATH_SEARCH_PATHS = "$(inherited) @executable_path/Frameworks";
				PRODUCT_BUNDLE_IDENTIFIER = com.tuotiansudai.MyARKit;
				PRODUCT_NAME = "$(TARGET_NAME)";
				SWIFT_OBJC_BRIDGING_HEADER = "./MyARKit/supportFiles/MyARKit-Bridging-Header.h";
				SWIFT_OPTIMIZATION_LEVEL = "-Onone";
				SWIFT_VERSION = 3.0;
				TARGETED_DEVICE_FAMILY = 1;
			};
			name = Debug;
		};
		283BE6791FB93A2B00E40D14 /* Release */ = {
			isa = XCBuildConfiguration;
			buildSettings = {
				ASSETCATALOG_COMPILER_APPICON_NAME = AppIcon;
				ASSETCATALOG_COMPILER_LAUNCHIMAGE_NAME = LaunchImage;
				CLANG_ENABLE_MODULES = YES;
				CODE_SIGN_STYLE = Automatic;
				DEFINES_MODULE = YES;
				DEVELOPMENT_TEAM = 38347LA2XG;
				EMBED_ASSET_PACKS_IN_PRODUCT_BUNDLE = YES;
				FRAMEWORK_SEARCH_PATHS = (
					"$(inherited)",
					"$(PROJECT_DIR)/MyARKit/Common/3rdPart/ARRecord",
				);
				GCC_INCREASE_PRECOMPILED_HEADER_SHARING = NO;
				GCC_PRECOMPILE_PREFIX_HEADER = YES;
				GCC_PREFIX_HEADER = ./MyARKit/MyARKit.pch;
				INFOPLIST_FILE = MyARKit/Info.plist;
				IPHONEOS_DEPLOYMENT_TARGET = 11.0;
				LD_RUNPATH_SEARCH_PATHS = "$(inherited) @executable_path/Frameworks";
				PRODUCT_BUNDLE_IDENTIFIER = com.tuotiansudai.MyARKit;
				PRODUCT_NAME = "$(TARGET_NAME)";
				SWIFT_OBJC_BRIDGING_HEADER = "./MyARKit/supportFiles/MyARKit-Bridging-Header.h";
				SWIFT_VERSION = 3.0;
				TARGETED_DEVICE_FAMILY = 1;
			};
			name = Release;
		};
/* End XCBuildConfiguration section */

/* Begin XCConfigurationList section */
		283BE65A1FB93A2B00E40D14 /* Build configuration list for PBXProject "MyARKit" */ = {
			isa = XCConfigurationList;
			buildConfigurations = (
				283BE6751FB93A2B00E40D14 /* Debug */,
				283BE6761FB93A2B00E40D14 /* Release */,
			);
			defaultConfigurationIsVisible = 0;
			defaultConfigurationName = Release;
		};
		283BE6771FB93A2B00E40D14 /* Build configuration list for PBXNativeTarget "MyARKit" */ = {
			isa = XCConfigurationList;
			buildConfigurations = (
				283BE6781FB93A2B00E40D14 /* Debug */,
				283BE6791FB93A2B00E40D14 /* Release */,
			);
			defaultConfigurationIsVisible = 0;
			defaultConfigurationName = Release;
		};
/* End XCConfigurationList section */
	};
	rootObject = 283BE6571FB93A2B00E40D14 /* Project object */;
}
